// !$*UTF8*$!
{
	archiveVersion = 1;
	classes = {
	};
	objectVersion = 55;
	objects = {

/* Begin PBXBuildFile section */
		3D2286E5274D23A30082AED0 /* Texture.cpp in Sources */ = {isa = PBXBuildFile; fileRef = 3D2286DA274D23A20082AED0 /* Texture.cpp */; };
		3D2286E6274D23A30082AED0 /* main.cpp in Sources */ = {isa = PBXBuildFile; fileRef = 3D2286DC274D23A20082AED0 /* main.cpp */; };
		3D2286E7274D23A30082AED0 /* Shader.cpp in Sources */ = {isa = PBXBuildFile; fileRef = 3D2286E1274D23A20082AED0 /* Shader.cpp */; };
		3DDF2EDC274D0D220044FEE8 /* OpenGL.framework in Frameworks */ = {isa = PBXBuildFile; fileRef = 3DDF2EDB274D0D220044FEE8 /* OpenGL.framework */; };
		3DDF2EDE274D0D2F0044FEE8 /* libGLEW.2.2.0.dylib in Frameworks */ = {isa = PBXBuildFile; fileRef = 3DDF2EDD274D0D2F0044FEE8 /* libGLEW.2.2.0.dylib */; };
		3DDF2EE0274D0D400044FEE8 /* libglfw.3.3.dylib in Frameworks */ = {isa = PBXBuildFile; fileRef = 3DDF2EDF274D0D400044FEE8 /* libglfw.3.3.dylib */; };
/* End PBXBuildFile section */

/* Begin PBXCopyFilesBuildPhase section */
		3DDF2ECE274D0CD60044FEE8 /* CopyFiles */ = {
			isa = PBXCopyFilesBuildPhase;
			buildActionMask = 2147483647;
			dstPath = /usr/share/man/man1/;
			dstSubfolderSpec = 0;
			files = (
			);
			runOnlyForDeploymentPostprocessing = 1;
		};
/* End PBXCopyFilesBuildPhase section */

/* Begin PBXFileReference section */
		3D2286D8274D23A20082AED0 /* FragmentShaderCode.glsl */ = {isa = PBXFileReference; fileEncoding = 4; lastKnownFileType = text; name = FragmentShaderCode.glsl; path = ../main/FragmentShaderCode.glsl; sourceTree = "<group>"; };
		3D2286D9274D23A20082AED0 /* SkyboxVertexShaderCode.glsl */ = {isa = PBXFileReference; fileEncoding = 4; lastKnownFileType = text; name = SkyboxVertexShaderCode.glsl; path = ../main/SkyboxVertexShaderCode.glsl; sourceTree = "<group>"; };
		3D2286DA274D23A20082AED0 /* Texture.cpp */ = {isa = PBXFileReference; fileEncoding = 4; lastKnownFileType = sourcecode.cpp.cpp; name = Texture.cpp; path = ../main/Texture.cpp; sourceTree = "<group>"; };
		3D2286DB274D23A20082AED0 /* SkyboxFragmentShaderCode.glsl */ = {isa = PBXFileReference; fileEncoding = 4; lastKnownFileType = text; name = SkyboxFragmentShaderCode.glsl; path = ../main/SkyboxFragmentShaderCode.glsl; sourceTree = "<group>"; };
		3D2286DC274D23A20082AED0 /* main.cpp */ = {isa = PBXFileReference; fileEncoding = 4; lastKnownFileType = sourcecode.cpp.cpp; name = main.cpp; path = ../main/main.cpp; sourceTree = "<group>"; };
		3D2286DD274D23A20082AED0 /* skybox */ = {isa = PBXFileReference; lastKnownFileType = folder; name = skybox; path = ../main/skybox; sourceTree = "<group>"; };
		3D2286DE274D23A20082AED0 /* texture */ = {isa = PBXFileReference; lastKnownFileType = folder; name = texture; path = ../main/texture; sourceTree = "<group>"; };
		3D2286DF274D23A20082AED0 /* object */ = {isa = PBXFileReference; lastKnownFileType = folder; name = object; path = ../main/object; sourceTree = "<group>"; };
		3D2286E0274D23A20082AED0 /* Texture.h */ = {isa = PBXFileReference; fileEncoding = 4; lastKnownFileType = sourcecode.c.h; name = Texture.h; path = ../main/Texture.h; sourceTree = "<group>"; };
		3D2286E1274D23A20082AED0 /* Shader.cpp */ = {isa = PBXFileReference; fileEncoding = 4; lastKnownFileType = sourcecode.cpp.cpp; name = Shader.cpp; path = ../main/Shader.cpp; sourceTree = "<group>"; };
		3D2286E2274D23A30082AED0 /* Shader.h */ = {isa = PBXFileReference; fileEncoding = 4; lastKnownFileType = sourcecode.c.h; name = Shader.h; path = ../main/Shader.h; sourceTree = "<group>"; };
		3D2286E3274D23A30082AED0 /* VertexShaderCode.glsl */ = {isa = PBXFileReference; fileEncoding = 4; lastKnownFileType = text; name = VertexShaderCode.glsl; path = ../main/VertexShaderCode.glsl; sourceTree = "<group>"; };
		3D2286E4274D23A30082AED0 /* util.h */ = {isa = PBXFileReference; fileEncoding = 4; lastKnownFileType = sourcecode.c.h; name = util.h; path = ../main/util.h; sourceTree = "<group>"; };
		3DDF2ED0274D0CD60044FEE8 /* 3260proj */ = {isa = PBXFileReference; explicitFileType = "compiled.mach-o.executable"; includeInIndex = 0; path = 3260proj; sourceTree = BUILT_PRODUCTS_DIR; };
		3DDF2EDB274D0D220044FEE8 /* OpenGL.framework */ = {isa = PBXFileReference; lastKnownFileType = wrapper.framework; name = OpenGL.framework; path = System/Library/Frameworks/OpenGL.framework; sourceTree = SDKROOT; };
		3DDF2EDD274D0D2F0044FEE8 /* libGLEW.2.2.0.dylib */ = {isa = PBXFileReference; lastKnownFileType = "compiled.mach-o.dylib"; name = libGLEW.2.2.0.dylib; path = ../../../../../usr/local/Cellar/glew/2.2.0_1/lib/libGLEW.2.2.0.dylib; sourceTree = "<group>"; };
		3DDF2EDF274D0D400044FEE8 /* libglfw.3.3.dylib */ = {isa = PBXFileReference; lastKnownFileType = "compiled.mach-o.dylib"; name = libglfw.3.3.dylib; path = ../../../../../usr/local/Cellar/glfw/3.3.4/lib/libglfw.3.3.dylib; sourceTree = "<group>"; };
/* End PBXFileReference section */

/* Begin PBXFrameworksBuildPhase section */
		3DDF2ECD274D0CD60044FEE8 /* Frameworks */ = {
			isa = PBXFrameworksBuildPhase;
			buildActionMask = 2147483647;
			files = (
				3DDF2EE0274D0D400044FEE8 /* libglfw.3.3.dylib in Frameworks */,
				3DDF2EDE274D0D2F0044FEE8 /* libGLEW.2.2.0.dylib in Frameworks */,
				3DDF2EDC274D0D220044FEE8 /* OpenGL.framework in Frameworks */,
			);
			runOnlyForDeploymentPostprocessing = 0;
		};
/* End PBXFrameworksBuildPhase section */

/* Begin PBXGroup section */
		3DDF2EC7274D0CD60044FEE8 = {
			isa = PBXGroup;
			children = (
				3D2286D8274D23A20082AED0 /* FragmentShaderCode.glsl */,
				3D2286DC274D23A20082AED0 /* main.cpp */,
				3D2286DF274D23A20082AED0 /* object */,
				3D2286E1274D23A20082AED0 /* Shader.cpp */,
				3D2286E2274D23A30082AED0 /* Shader.h */,
				3D2286DD274D23A20082AED0 /* skybox */,
				3D2286DB274D23A20082AED0 /* SkyboxFragmentShaderCode.glsl */,
				3D2286D9274D23A20082AED0 /* SkyboxVertexShaderCode.glsl */,
				3D2286DE274D23A20082AED0 /* texture */,
				3D2286DA274D23A20082AED0 /* Texture.cpp */,
				3D2286E0274D23A20082AED0 /* Texture.h */,
				3D2286E4274D23A30082AED0 /* util.h */,
				3D2286E3274D23A30082AED0 /* VertexShaderCode.glsl */,
				3DDF2ED2274D0CD60044FEE8 /* 3260proj */,
				3DDF2ED1274D0CD60044FEE8 /* Products */,
				3DDF2EDA274D0D210044FEE8 /* Frameworks */,
			);
			sourceTree = "<group>";
		};
		3DDF2ED1274D0CD60044FEE8 /* Products */ = {
			isa = PBXGroup;
			children = (
				3DDF2ED0274D0CD60044FEE8 /* 3260proj */,
			);
			name = Products;
			sourceTree = "<group>";
		};
		3DDF2ED2274D0CD60044FEE8 /* 3260proj */ = {
			isa = PBXGroup;
			children = (
			);
			path = 3260proj;
			sourceTree = "<group>";
		};
		3DDF2EDA274D0D210044FEE8 /* Frameworks */ = {
			isa = PBXGroup;
			children = (
				3DDF2EDF274D0D400044FEE8 /* libglfw.3.3.dylib */,
				3DDF2EDD274D0D2F0044FEE8 /* libGLEW.2.2.0.dylib */,
				3DDF2EDB274D0D220044FEE8 /* OpenGL.framework */,
			);
			name = Frameworks;
			sourceTree = "<group>";
		};
/* End PBXGroup section */

/* Begin PBXNativeTarget section */
		3DDF2ECF274D0CD60044FEE8 /* 3260proj */ = {
			isa = PBXNativeTarget;
			buildConfigurationList = 3DDF2ED7274D0CD60044FEE8 /* Build configuration list for PBXNativeTarget "3260proj" */;
			buildPhases = (
				3DDF2ECC274D0CD60044FEE8 /* Sources */,
				3DDF2ECD274D0CD60044FEE8 /* Frameworks */,
				3DDF2ECE274D0CD60044FEE8 /* CopyFiles */,
			);
			buildRules = (
			);
			dependencies = (
			);
			name = 3260proj;
			productName = 3260proj;
			productReference = 3DDF2ED0274D0CD60044FEE8 /* 3260proj */;
			productType = "com.apple.product-type.tool";
		};
/* End PBXNativeTarget section */

/* Begin PBXProject section */
		3DDF2EC8274D0CD60044FEE8 /* Project object */ = {
			isa = PBXProject;
			attributes = {
				BuildIndependentTargetsInParallel = 1;
				LastUpgradeCheck = 1310;
				TargetAttributes = {
					3DDF2ECF274D0CD60044FEE8 = {
						CreatedOnToolsVersion = 13.1;
					};
				};
			};
			buildConfigurationList = 3DDF2ECB274D0CD60044FEE8 /* Build configuration list for PBXProject "3260proj" */;
			compatibilityVersion = "Xcode 13.0";
			developmentRegion = en;
			hasScannedForEncodings = 0;
			knownRegions = (
				en,
				Base,
			);
			mainGroup = 3DDF2EC7274D0CD60044FEE8;
			productRefGroup = 3DDF2ED1274D0CD60044FEE8 /* Products */;
			projectDirPath = "";
			projectRoot = "";
			targets = (
				3DDF2ECF274D0CD60044FEE8 /* 3260proj */,
			);
		};
/* End PBXProject section */

/* Begin PBXSourcesBuildPhase section */
		3DDF2ECC274D0CD60044FEE8 /* Sources */ = {
			isa = PBXSourcesBuildPhase;
			buildActionMask = 2147483647;
			files = (
				3D2286E6274D23A30082AED0 /* main.cpp in Sources */,
				3D2286E7274D23A30082AED0 /* Shader.cpp in Sources */,
				3D2286E5274D23A30082AED0 /* Texture.cpp in Sources */,
			);
			runOnlyForDeploymentPostprocessing = 0;
		};
/* End PBXSourcesBuildPhase section */

/* Begin XCBuildConfiguration section */
		3DDF2ED5274D0CD60044FEE8 /* Debug */ = {
			isa = XCBuildConfiguration;
			buildSettings = {
				ALWAYS_SEARCH_USER_PATHS = NO;
				CLANG_ANALYZER_NONNULL = YES;
				CLANG_ANALYZER_NUMBER_OBJECT_CONVERSION = YES_AGGRESSIVE;
				CLANG_CXX_LANGUAGE_STANDARD = "gnu++17";
				CLANG_CXX_LIBRARY = "libc++";
				CLANG_ENABLE_MODULES = YES;
				CLANG_ENABLE_OBJC_ARC = YES;
				CLANG_ENABLE_OBJC_WEAK = YES;
				CLANG_WARN_BLOCK_CAPTURE_AUTORELEASING = YES;
				CLANG_WARN_BOOL_CONVERSION = YES;
				CLANG_WARN_COMMA = YES;
				CLANG_WARN_CONSTANT_CONVERSION = YES;
				CLANG_WARN_DEPRECATED_OBJC_IMPLEMENTATIONS = YES;
				CLANG_WARN_DIRECT_OBJC_ISA_USAGE = YES_ERROR;
				CLANG_WARN_DOCUMENTATION_COMMENTS = YES;
				CLANG_WARN_EMPTY_BODY = YES;
				CLANG_WARN_ENUM_CONVERSION = YES;
				CLANG_WARN_INFINITE_RECURSION = YES;
				CLANG_WARN_INT_CONVERSION = YES;
				CLANG_WARN_NON_LITERAL_NULL_CONVERSION = YES;
				CLANG_WARN_OBJC_IMPLICIT_RETAIN_SELF = YES;
				CLANG_WARN_OBJC_LITERAL_CONVERSION = YES;
				CLANG_WARN_OBJC_ROOT_CLASS = YES_ERROR;
				CLANG_WARN_QUOTED_INCLUDE_IN_FRAMEWORK_HEADER = YES;
				CLANG_WARN_RANGE_LOOP_ANALYSIS = YES;
				CLANG_WARN_STRICT_PROTOTYPES = YES;
				CLANG_WARN_SUSPICIOUS_MOVE = YES;
				CLANG_WARN_UNGUARDED_AVAILABILITY = YES_AGGRESSIVE;
				CLANG_WARN_UNREACHABLE_CODE = YES;
				CLANG_WARN__DUPLICATE_METHOD_MATCH = YES;
				COPY_PHASE_STRIP = NO;
				DEBUG_INFORMATION_FORMAT = dwarf;
				ENABLE_STRICT_OBJC_MSGSEND = YES;
				ENABLE_TESTABILITY = YES;
				GCC_C_LANGUAGE_STANDARD = gnu11;
				GCC_DYNAMIC_NO_PIC = NO;
				GCC_NO_COMMON_BLOCKS = YES;
				GCC_OPTIMIZATION_LEVEL = 0;
				GCC_PREPROCESSOR_DEFINITIONS = (
					"DEBUG=1",
					"$(inherited)",
				);
				GCC_WARN_64_TO_32_BIT_CONVERSION = YES;
				GCC_WARN_ABOUT_RETURN_TYPE = YES_ERROR;
				GCC_WARN_UNDECLARED_SELECTOR = YES;
				GCC_WARN_UNINITIALIZED_AUTOS = YES_AGGRESSIVE;
				GCC_WARN_UNUSED_FUNCTION = YES;
				GCC_WARN_UNUSED_VARIABLE = YES;
				MACOSX_DEPLOYMENT_TARGET = 11.5;
				MTL_ENABLE_DEBUG_INFO = INCLUDE_SOURCE;
				MTL_FAST_MATH = YES;
				ONLY_ACTIVE_ARCH = YES;
				SDKROOT = macosx;
			};
			name = Debug;
		};
		3DDF2ED6274D0CD60044FEE8 /* Release */ = {
			isa = XCBuildConfiguration;
			buildSettings = {
				ALWAYS_SEARCH_USER_PATHS = NO;
				CLANG_ANALYZER_NONNULL = YES;
				CLANG_ANALYZER_NUMBER_OBJECT_CONVERSION = YES_AGGRESSIVE;
				CLANG_CXX_LANGUAGE_STANDARD = "gnu++17";
				CLANG_CXX_LIBRARY = "libc++";
				CLANG_ENABLE_MODULES = YES;
				CLANG_ENABLE_OBJC_ARC = YES;
				CLANG_ENABLE_OBJC_WEAK = YES;
				CLANG_WARN_BLOCK_CAPTURE_AUTORELEASING = YES;
				CLANG_WARN_BOOL_CONVERSION = YES;
				CLANG_WARN_COMMA = YES;
				CLANG_WARN_CONSTANT_CONVERSION = YES;
				CLANG_WARN_DEPRECATED_OBJC_IMPLEMENTATIONS = YES;
				CLANG_WARN_DIRECT_OBJC_ISA_USAGE = YES_ERROR;
				CLANG_WARN_DOCUMENTATION_COMMENTS = YES;
				CLANG_WARN_EMPTY_BODY = YES;
				CLANG_WARN_ENUM_CONVERSION = YES;
				CLANG_WARN_INFINITE_RECURSION = YES;
				CLANG_WARN_INT_CONVERSION = YES;
				CLANG_WARN_NON_LITERAL_NULL_CONVERSION = YES;
				CLANG_WARN_OBJC_IMPLICIT_RETAIN_SELF = YES;
				CLANG_WARN_OBJC_LITERAL_CONVERSION = YES;
				CLANG_WARN_OBJC_ROOT_CLASS = YES_ERROR;
				CLANG_WARN_QUOTED_INCLUDE_IN_FRAMEWORK_HEADER = YES;
				CLANG_WARN_RANGE_LOOP_ANALYSIS = YES;
				CLANG_WARN_STRICT_PROTOTYPES = YES;
				CLANG_WARN_SUSPICIOUS_MOVE = YES;
				CLANG_WARN_UNGUARDED_AVAILABILITY = YES_AGGRESSIVE;
				CLANG_WARN_UNREACHABLE_CODE = YES;
				CLANG_WARN__DUPLICATE_METHOD_MATCH = YES;
				COPY_PHASE_STRIP = NO;
				DEBUG_INFORMATION_FORMAT = "dwarf-with-dsym";
				ENABLE_NS_ASSERTIONS = NO;
				ENABLE_STRICT_OBJC_MSGSEND = YES;
				GCC_C_LANGUAGE_STANDARD = gnu11;
				GCC_NO_COMMON_BLOCKS = YES;
				GCC_WARN_64_TO_32_BIT_CONVERSION = YES;
				GCC_WARN_ABOUT_RETURN_TYPE = YES_ERROR;
				GCC_WARN_UNDECLARED_SELECTOR = YES;
				GCC_WARN_UNINITIALIZED_AUTOS = YES_AGGRESSIVE;
				GCC_WARN_UNUSED_FUNCTION = YES;
				GCC_WARN_UNUSED_VARIABLE = YES;
				MACOSX_DEPLOYMENT_TARGET = 11.5;
				MTL_ENABLE_DEBUG_INFO = NO;
				MTL_FAST_MATH = YES;
				SDKROOT = macosx;
			};
			name = Release;
		};
		3DDF2ED8274D0CD60044FEE8 /* Debug */ = {
			isa = XCBuildConfiguration;
			buildSettings = {
				CODE_SIGN_STYLE = Automatic;
				LIBRARY_SEARCH_PATHS = (
					"$(inherited)",
					/usr/local/Cellar/glew/2.2.0_1/lib,
					/usr/local/Cellar/glfw/3.3.4/lib,
				);
				PRODUCT_NAME = "$(TARGET_NAME)";
				USER_HEADER_SEARCH_PATHS = /usr/local/include;
			};
			name = Debug;
		};
		3DDF2ED9274D0CD60044FEE8 /* Release */ = {
			isa = XCBuildConfiguration;
			buildSettings = {
				CODE_SIGN_STYLE = Automatic;
				LIBRARY_SEARCH_PATHS = (
					"$(inherited)",
					/usr/local/Cellar/glew/2.2.0_1/lib,
					/usr/local/Cellar/glfw/3.3.4/lib,
				);
				PRODUCT_NAME = "$(TARGET_NAME)";
				USER_HEADER_SEARCH_PATHS = /usr/local/include;
			};
			name = Release;
		};
/* End XCBuildConfiguration section */

/* Begin XCConfigurationList section */
		3DDF2ECB274D0CD60044FEE8 /* Build configuration list for PBXProject "3260proj" */ = {
			isa = XCConfigurationList;
			buildConfigurations = (
				3DDF2ED5274D0CD60044FEE8 /* Debug */,
				3DDF2ED6274D0CD60044FEE8 /* Release */,
			);
			defaultConfigurationIsVisible = 0;
			defaultConfigurationName = Release;
		};
		3DDF2ED7274D0CD60044FEE8 /* Build configuration list for PBXNativeTarget "3260proj" */ = {
			isa = XCConfigurationList;
			buildConfigurations = (
				3DDF2ED8274D0CD60044FEE8 /* Debug */,
				3DDF2ED9274D0CD60044FEE8 /* Release */,
			);
			defaultConfigurationIsVisible = 0;
			defaultConfigurationName = Release;
		};
/* End XCConfigurationList section */
	};
	rootObject = 3DDF2EC8274D0CD60044FEE8 /* Project object */;
}
